
Microsoft Visual Studio Solution File, Format Version 12.00
# Visual Studio Version 17
VisualStudioVersion = 17.13.35931.197
MinimumVisualStudioVersion = 10.0.40219.1
Project("{FAE04EC0-301F-11D3-BF4B-00C04F79EFBC}") = "BlazorDemoApp", "BlazorDemoApp\BlazorDemoApp.csproj", "{632A7954-BAA1-48BF-AC9A-AB7BF4628F85}"
EndProject
Project("{FAE04EC0-301F-11D3-BF4B-00C04F79EFBC}") = "LMStudioClient", "LMStudioClient\LMStudioClient.csproj", "{7392101F-D392-4FDA-8F9D-734C52B41E2D}"
EndProject
Project("{FAE04EC0-301F-11D3-BF4B-00C04F79EFBC}") = "WikiAssistant", "WikiAssistent\WikiAssistant.csproj", "{FB220934-751D-4D1A-9D51-BC0DB2B7FF1C}"
EndProject
Project("{FAE04EC0-301F-11D3-BF4B-00C04F79EFBC}") = "SqlRagProvider", "SqlRagProvider\SqlRagProvider.csproj", "{66B13C68-CB08-44B0-ADA1-5743A2C15DCF}"
EndProject
Global
	GlobalSection(SolutionConfigurationPlatforms) = preSolution
		Debug|Any CPU = Debug|Any CPU
		Release|Any CPU = Release|Any CPU
	EndGlobalSection
	GlobalSection(ProjectConfigurationPlatforms) = postSolution
		{632A7954-BAA1-48BF-AC9A-AB7BF4628F85}.Debug|Any CPU.ActiveCfg = Debug|Any CPU
		{632A7954-BAA1-48BF-AC9A-AB7BF4628F85}.Debug|Any CPU.Build.0 = Debug|Any CPU
		{632A7954-BAA1-48BF-AC9A-AB7BF4628F85}.Release|Any CPU.ActiveCfg = Release|Any CPU
		{632A7954-BAA1-48BF-AC9A-AB7BF4628F85}.Release|Any CPU.Build.0 = Release|Any CPU
		{7392101F-D392-4FDA-8F9D-734C52B41E2D}.Debug|Any CPU.ActiveCfg = Debug|Any CPU
		{7392101F-D392-4FDA-8F9D-734C52B41E2D}.Debug|Any CPU.Build.0 = Debug|Any CPU
		{7392101F-D392-4FDA-8F9D-734C52B41E2D}.Release|Any CPU.ActiveCfg = Release|Any CPU
		{7392101F-D392-4FDA-8F9D-734C52B41E2D}.Release|Any CPU.Build.0 = Release|Any CPU
		{FB220934-751D-4D1A-9D51-BC0DB2B7FF1C}.Debug|Any CPU.ActiveCfg = Debug|Any CPU
		{FB220934-751D-4D1A-9D51-BC0DB2B7FF1C}.Debug|Any CPU.Build.0 = Debug|Any CPU
		{FB220934-751D-4D1A-9D51-BC0DB2B7FF1C}.Release|Any CPU.ActiveCfg = Release|Any CPU
		{FB220934-751D-4D1A-9D51-BC0DB2B7FF1C}.Release|Any CPU.Build.0 = Release|Any CPU
		{66B13C68-CB08-44B0-ADA1-5743A2C15DCF}.Debug|Any CPU.ActiveCfg = Debug|Any CPU
		{66B13C68-CB08-44B0-ADA1-5743A2C15DCF}.Debug|Any CPU.Build.0 = Debug|Any CPU
		{66B13C68-CB08-44B0-ADA1-5743A2C15DCF}.Release|Any CPU.ActiveCfg = Release|Any CPU
		{66B13C68-CB08-44B0-ADA1-5743A2C15DCF}.Release|Any CPU.Build.0 = Release|Any CPU
	EndGlobalSection
	GlobalSection(SolutionProperties) = preSolution
		HideSolutionNode = FALSE
	EndGlobalSection
	GlobalSection(ExtensibilityGlobals) = postSolution
		SolutionGuid = {62E989A4-5803-4E6C-815A-31C431E2CBA6}
	EndGlobalSection
EndGlobal
